// !$*UTF8*$!
{
	archiveVersion = 1;
	classes = {
	};
	objectVersion = 55;
	objects = {

/* Begin PBXBuildFile section */
		E984DCA427D92351005A3B8C /* AppDelegate.swift in Sources */ = {isa = PBXBuildFile; fileRef = E984DCA327D92351005A3B8C /* AppDelegate.swift */; };
		E984DCA627D92351005A3B8C /* SceneDelegate.swift in Sources */ = {isa = PBXBuildFile; fileRef = E984DCA527D92351005A3B8C /* SceneDelegate.swift */; };
		E984DCA827D92351005A3B8C /* InternetViewController.swift in Sources */ = {isa = PBXBuildFile; fileRef = E984DCA727D92351005A3B8C /* InternetViewController.swift */; };
		E984DCAB27D92351005A3B8C /* Main.storyboard in Resources */ = {isa = PBXBuildFile; fileRef = E984DCA927D92351005A3B8C /* Main.storyboard */; };
		E984DCAD27D92353005A3B8C /* Assets.xcassets in Resources */ = {isa = PBXBuildFile; fileRef = E984DCAC27D92353005A3B8C /* Assets.xcassets */; };
		E984DCB027D92353005A3B8C /* LaunchScreen.storyboard in Resources */ = {isa = PBXBuildFile; fileRef = E984DCAE27D92353005A3B8C /* LaunchScreen.storyboard */; };
		E984DCC127D94795005A3B8C /* NetworkURLs.swift in Sources */ = {isa = PBXBuildFile; fileRef = E984DCC027D94795005A3B8C /* NetworkURLs.swift */; };
		E984DCC327D95066005A3B8C /* Restaurant.swift in Sources */ = {isa = PBXBuildFile; fileRef = E984DCC227D95066005A3B8C /* Restaurant.swift */; };
		E984DCC527D951B0005A3B8C /* Contact.swift in Sources */ = {isa = PBXBuildFile; fileRef = E984DCC427D951B0005A3B8C /* Contact.swift */; };
		E984DCC727D95257005A3B8C /* Location.swift in Sources */ = {isa = PBXBuildFile; fileRef = E984DCC627D95257005A3B8C /* Location.swift */; };
		E984DCC927D953F7005A3B8C /* ViewModel.swift in Sources */ = {isa = PBXBuildFile; fileRef = E984DCC827D953F7005A3B8C /* ViewModel.swift */; };
		E984DCCD27D9560F005A3B8C /* NetworkManager.swift in Sources */ = {isa = PBXBuildFile; fileRef = E984DCCC27D9560F005A3B8C /* NetworkManager.swift */; };
		E984DCCF27D95632005A3B8C /* NetworkError.swift in Sources */ = {isa = PBXBuildFile; fileRef = E984DCCE27D95632005A3B8C /* NetworkError.swift */; };
		E984DCD927D9F50F005A3B8C /* LunchViewController.swift in Sources */ = {isa = PBXBuildFile; fileRef = E984DCD827D9F50F005A3B8C /* LunchViewController.swift */; };
		E984DCDB27D9F6D6005A3B8C /* DetailRestaurantViewController.swift in Sources */ = {isa = PBXBuildFile; fileRef = E984DCDA27D9F6D6005A3B8C /* DetailRestaurantViewController.swift */; };
		E984DCDF27DA0792005A3B8C /* RestaurantCollectionViewCell.swift in Sources */ = {isa = PBXBuildFile; fileRef = E984DCDE27DA0792005A3B8C /* RestaurantCollectionViewCell.swift */; };
		E984DCE127DA6B77005A3B8C /* RestaurantResponse.swift in Sources */ = {isa = PBXBuildFile; fileRef = E984DCE027DA6B77005A3B8C /* RestaurantResponse.swift */; };
		E984DCE327DAC666005A3B8C /* ShowAllRestaurantViewController.swift in Sources */ = {isa = PBXBuildFile; fileRef = E984DCE227DAC665005A3B8C /* ShowAllRestaurantViewController.swift */; };
		E987E5B327DAF4E90062E9A7 /* MapViewManager.swift in Sources */ = {isa = PBXBuildFile; fileRef = E987E5B227DAF4E90062E9A7 /* MapViewManager.swift */; };
/* End PBXBuildFile section */

/* Begin PBXFileReference section */
		E984DCA027D92351005A3B8C /* BRRestaurant.app */ = {isa = PBXFileReference; explicitFileType = wrapper.application; includeInIndex = 0; path = BRRestaurant.app; sourceTree = BUILT_PRODUCTS_DIR; };
		E984DCA327D92351005A3B8C /* AppDelegate.swift */ = {isa = PBXFileReference; lastKnownFileType = sourcecode.swift; path = AppDelegate.swift; sourceTree = "<group>"; };
		E984DCA527D92351005A3B8C /* SceneDelegate.swift */ = {isa = PBXFileReference; lastKnownFileType = sourcecode.swift; path = SceneDelegate.swift; sourceTree = "<group>"; };
		E984DCA727D92351005A3B8C /* InternetViewController.swift */ = {isa = PBXFileReference; lastKnownFileType = sourcecode.swift; path = InternetViewController.swift; sourceTree = "<group>"; };
		E984DCAA27D92351005A3B8C /* Base */ = {isa = PBXFileReference; lastKnownFileType = file.storyboard; name = Base; path = Base.lproj/Main.storyboard; sourceTree = "<group>"; };
		E984DCAC27D92353005A3B8C /* Assets.xcassets */ = {isa = PBXFileReference; lastKnownFileType = folder.assetcatalog; path = Assets.xcassets; sourceTree = "<group>"; };
		E984DCAF27D92353005A3B8C /* Base */ = {isa = PBXFileReference; lastKnownFileType = file.storyboard; name = Base; path = Base.lproj/LaunchScreen.storyboard; sourceTree = "<group>"; };
		E984DCB127D92353005A3B8C /* Info.plist */ = {isa = PBXFileReference; lastKnownFileType = text.plist.xml; path = Info.plist; sourceTree = "<group>"; };
		E984DCC027D94795005A3B8C /* NetworkURLs.swift */ = {isa = PBXFileReference; fileEncoding = 4; lastKnownFileType = sourcecode.swift; path = NetworkURLs.swift; sourceTree = "<group>"; };
		E984DCC227D95066005A3B8C /* Restaurant.swift */ = {isa = PBXFileReference; lastKnownFileType = sourcecode.swift; name = Restaurant.swift; path = BRRestaurant/Model/Restaurant.swift; sourceTree = SOURCE_ROOT; };
		E984DCC427D951B0005A3B8C /* Contact.swift */ = {isa = PBXFileReference; lastKnownFileType = sourcecode.swift; path = Contact.swift; sourceTree = "<group>"; };
		E984DCC627D95257005A3B8C /* Location.swift */ = {isa = PBXFileReference; lastKnownFileType = sourcecode.swift; path = Location.swift; sourceTree = "<group>"; };
		E984DCC827D953F7005A3B8C /* ViewModel.swift */ = {isa = PBXFileReference; lastKnownFileType = sourcecode.swift; path = ViewModel.swift; sourceTree = "<group>"; };
		E984DCCC27D9560F005A3B8C /* NetworkManager.swift */ = {isa = PBXFileReference; fileEncoding = 4; lastKnownFileType = sourcecode.swift; path = NetworkManager.swift; sourceTree = "<group>"; };
		E984DCCE27D95632005A3B8C /* NetworkError.swift */ = {isa = PBXFileReference; fileEncoding = 4; lastKnownFileType = sourcecode.swift; path = NetworkError.swift; sourceTree = "<group>"; };
		E984DCD827D9F50F005A3B8C /* LunchViewController.swift */ = {isa = PBXFileReference; lastKnownFileType = sourcecode.swift; path = LunchViewController.swift; sourceTree = "<group>"; };
		E984DCDA27D9F6D6005A3B8C /* DetailRestaurantViewController.swift */ = {isa = PBXFileReference; lastKnownFileType = sourcecode.swift; path = DetailRestaurantViewController.swift; sourceTree = "<group>"; };
		E984DCDE27DA0792005A3B8C /* RestaurantCollectionViewCell.swift */ = {isa = PBXFileReference; lastKnownFileType = sourcecode.swift; path = RestaurantCollectionViewCell.swift; sourceTree = "<group>"; };
		E984DCE027DA6B77005A3B8C /* RestaurantResponse.swift */ = {isa = PBXFileReference; lastKnownFileType = sourcecode.swift; path = RestaurantResponse.swift; sourceTree = "<group>"; };
		E984DCE227DAC665005A3B8C /* ShowAllRestaurantViewController.swift */ = {isa = PBXFileReference; lastKnownFileType = sourcecode.swift; path = ShowAllRestaurantViewController.swift; sourceTree = "<group>"; };
		E987E5B227DAF4E90062E9A7 /* MapViewManager.swift */ = {isa = PBXFileReference; lastKnownFileType = sourcecode.swift; path = MapViewManager.swift; sourceTree = "<group>"; };
/* End PBXFileReference section */

/* Begin PBXFrameworksBuildPhase section */
		E984DC9D27D92351005A3B8C /* Frameworks */ = {
			isa = PBXFrameworksBuildPhase;
			buildActionMask = 2147483647;
			files = (
			);
			runOnlyForDeploymentPostprocessing = 0;
		};
/* End PBXFrameworksBuildPhase section */

/* Begin PBXGroup section */
		E984DC9727D92351005A3B8C = {
			isa = PBXGroup;
			children = (
				E984DCA227D92351005A3B8C /* BRRestaurant */,
				E984DCA127D92351005A3B8C /* Products */,
			);
			sourceTree = "<group>";
		};
		E984DCA127D92351005A3B8C /* Products */ = {
			isa = PBXGroup;
			children = (
				E984DCA027D92351005A3B8C /* BRRestaurant.app */,
			);
			name = Products;
			sourceTree = "<group>";
		};
		E984DCA227D92351005A3B8C /* BRRestaurant */ = {
			isa = PBXGroup;
			children = (
				E984DCA327D92351005A3B8C /* AppDelegate.swift */,
				E984DCA527D92351005A3B8C /* SceneDelegate.swift */,
				E984DCBB27D9455D005A3B8C /* Model */,
				E984DCBA27D94541005A3B8C /* ViewModel */,
				E984DCB927D94519005A3B8C /* View */,
				E984DCBC27D94576005A3B8C /* Networking */,
				E984DCA927D92351005A3B8C /* Main.storyboard */,
				E984DCAC27D92353005A3B8C /* Assets.xcassets */,
				E984DCAE27D92353005A3B8C /* LaunchScreen.storyboard */,
				E984DCB127D92353005A3B8C /* Info.plist */,
			);
			path = BRRestaurant;
			sourceTree = "<group>";
		};
		E984DCB927D94519005A3B8C /* View */ = {
			isa = PBXGroup;
			children = (
				E984DCA727D92351005A3B8C /* InternetViewController.swift */,
				E987E5B227DAF4E90062E9A7 /* MapViewManager.swift */,
				E984DCD827D9F50F005A3B8C /* LunchViewController.swift */,
				E984DCDA27D9F6D6005A3B8C /* DetailRestaurantViewController.swift */,
				E984DCDE27DA0792005A3B8C /* RestaurantCollectionViewCell.swift */,
				E984DCE227DAC665005A3B8C /* ShowAllRestaurantViewController.swift */,
			);
			path = View;
			sourceTree = "<group>";
		};
		E984DCBA27D94541005A3B8C /* ViewModel */ = {
			isa = PBXGroup;
			children = (
				E984DCC827D953F7005A3B8C /* ViewModel.swift */,
			);
			path = ViewModel;
			sourceTree = "<group>";
		};
		E984DCBB27D9455D005A3B8C /* Model */ = {
			isa = PBXGroup;
			children = (
				E984DCC227D95066005A3B8C /* Restaurant.swift */,
				E984DCE027DA6B77005A3B8C /* RestaurantResponse.swift */,
				E984DCC427D951B0005A3B8C /* Contact.swift */,
				E984DCC627D95257005A3B8C /* Location.swift */,
			);
			path = Model;
			sourceTree = "<group>";
		};
		E984DCBC27D94576005A3B8C /* Networking */ = {
			isa = PBXGroup;
			children = (
				E984DCCC27D9560F005A3B8C /* NetworkManager.swift */,
				E984DCC027D94795005A3B8C /* NetworkURLs.swift */,
				E984DCCE27D95632005A3B8C /* NetworkError.swift */,
			);
			path = Networking;
			sourceTree = "<group>";
		};
/* End PBXGroup section */

/* Begin PBXNativeTarget section */
		E984DC9F27D92351005A3B8C /* BRRestaurant */ = {
			isa = PBXNativeTarget;
			buildConfigurationList = E984DCB427D92353005A3B8C /* Build configuration list for PBXNativeTarget "BRRestaurant" */;
			buildPhases = (
				E984DC9C27D92351005A3B8C /* Sources */,
				E984DC9D27D92351005A3B8C /* Frameworks */,
				E984DC9E27D92351005A3B8C /* Resources */,
				E984DCB827D9258D005A3B8C /* ShellScript */,
			);
			buildRules = (
			);
			dependencies = (
			);
			name = BRRestaurant;
			productName = BRRestaurant;
			productReference = E984DCA027D92351005A3B8C /* BRRestaurant.app */;
			productType = "com.apple.product-type.application";
		};
/* End PBXNativeTarget section */

/* Begin PBXProject section */
		E984DC9827D92351005A3B8C /* Project object */ = {
			isa = PBXProject;
			attributes = {
				BuildIndependentTargetsInParallel = 1;
				LastSwiftUpdateCheck = 1320;
				LastUpgradeCheck = 1320;
				TargetAttributes = {
					E984DC9F27D92351005A3B8C = {
						CreatedOnToolsVersion = 13.2.1;
					};
				};
			};
			buildConfigurationList = E984DC9B27D92351005A3B8C /* Build configuration list for PBXProject "BRRestaurant" */;
			compatibilityVersion = "Xcode 13.0";
			developmentRegion = en;
			hasScannedForEncodings = 0;
			knownRegions = (
				en,
				Base,
			);
			mainGroup = E984DC9727D92351005A3B8C;
			productRefGroup = E984DCA127D92351005A3B8C /* Products */;
			projectDirPath = "";
			projectRoot = "";
			targets = (
				E984DC9F27D92351005A3B8C /* BRRestaurant */,
			);
		};
/* End PBXProject section */

/* Begin PBXResourcesBuildPhase section */
		E984DC9E27D92351005A3B8C /* Resources */ = {
			isa = PBXResourcesBuildPhase;
			buildActionMask = 2147483647;
			files = (
				E984DCB027D92353005A3B8C /* LaunchScreen.storyboard in Resources */,
				E984DCAD27D92353005A3B8C /* Assets.xcassets in Resources */,
				E984DCAB27D92351005A3B8C /* Main.storyboard in Resources */,
			);
			runOnlyForDeploymentPostprocessing = 0;
		};
/* End PBXResourcesBuildPhase section */

/* Begin PBXShellScriptBuildPhase section */
		E984DCB827D9258D005A3B8C /* ShellScript */ = {
			isa = PBXShellScriptBuildPhase;
			buildActionMask = 2147483647;
			files = (
			);
			inputFileListPaths = (
			);
			inputPaths = (
			);
			outputFileListPaths = (
			);
			outputPaths = (
			);
			runOnlyForDeploymentPostprocessing = 0;
			shellPath = /bin/sh;
			shellScript = "# Type a script or drag a script file from your workspace to insert its path.\nif which swiftlint >/dev/null; then\n  swiftlint\nelse\n  echo \"warning: SwiftLint not installed, download from https://github.com/realm/SwiftLint\"\nfi\n";
		};
/* End PBXShellScriptBuildPhase section */

/* Begin PBXSourcesBuildPhase section */
		E984DC9C27D92351005A3B8C /* Sources */ = {
			isa = PBXSourcesBuildPhase;
			buildActionMask = 2147483647;
			files = (
				E984DCD927D9F50F005A3B8C /* LunchViewController.swift in Sources */,
				E984DCE127DA6B77005A3B8C /* RestaurantResponse.swift in Sources */,
				E984DCA827D92351005A3B8C /* InternetViewController.swift in Sources */,
				E987E5B327DAF4E90062E9A7 /* MapViewManager.swift in Sources */,
				E984DCDB27D9F6D6005A3B8C /* DetailRestaurantViewController.swift in Sources */,
				E984DCC927D953F7005A3B8C /* ViewModel.swift in Sources */,
				E984DCDF27DA0792005A3B8C /* RestaurantCollectionViewCell.swift in Sources */,
				E984DCCD27D9560F005A3B8C /* NetworkManager.swift in Sources */,
				E984DCE327DAC666005A3B8C /* ShowAllRestaurantViewController.swift in Sources */,
				E984DCC727D95257005A3B8C /* Location.swift in Sources */,
				E984DCA427D92351005A3B8C /* AppDelegate.swift in Sources */,
				E984DCC127D94795005A3B8C /* NetworkURLs.swift in Sources */,
				E984DCC327D95066005A3B8C /* Restaurant.swift in Sources */,
				E984DCA627D92351005A3B8C /* SceneDelegate.swift in Sources */,
				E984DCCF27D95632005A3B8C /* NetworkError.swift in Sources */,
				E984DCC527D951B0005A3B8C /* Contact.swift in Sources */,
			);
			runOnlyForDeploymentPostprocessing = 0;
		};
/* End PBXSourcesBuildPhase section */

/* Begin PBXVariantGroup section */
		E984DCA927D92351005A3B8C /* Main.storyboard */ = {
			isa = PBXVariantGroup;
			children = (
				E984DCAA27D92351005A3B8C /* Base */,
			);
			name = Main.storyboard;
			sourceTree = "<group>";
		};
		E984DCAE27D92353005A3B8C /* LaunchScreen.storyboard */ = {
			isa = PBXVariantGroup;
			children = (
				E984DCAF27D92353005A3B8C /* Base */,
			);
			name = LaunchScreen.storyboard;
			sourceTree = "<group>";
		};
/* End PBXVariantGroup section */

/* Begin XCBuildConfiguration section */
		E984DCB227D92353005A3B8C /* Debug */ = {
			isa = XCBuildConfiguration;
			buildSettings = {
				ALWAYS_SEARCH_USER_PATHS = NO;
				CLANG_ANALYZER_NONNULL = YES;
				CLANG_ANALYZER_NUMBER_OBJECT_CONVERSION = YES_AGGRESSIVE;
				CLANG_CXX_LANGUAGE_STANDARD = "gnu++17";
				CLANG_CXX_LIBRARY = "libc++";
				CLANG_ENABLE_MODULES = YES;
				CLANG_ENABLE_OBJC_ARC = YES;
				CLANG_ENABLE_OBJC_WEAK = YES;
				CLANG_WARN_BLOCK_CAPTURE_AUTORELEASING = YES;
				CLANG_WARN_BOOL_CONVERSION = YES;
				CLANG_WARN_COMMA = YES;
				CLANG_WARN_CONSTANT_CONVERSION = YES;
				CLANG_WARN_DEPRECATED_OBJC_IMPLEMENTATIONS = YES;
				CLANG_WARN_DIRECT_OBJC_ISA_USAGE = YES_ERROR;
				CLANG_WARN_DOCUMENTATION_COMMENTS = YES;
				CLANG_WARN_EMPTY_BODY = YES;
				CLANG_WARN_ENUM_CONVERSION = YES;
				CLANG_WARN_INFINITE_RECURSION = YES;
				CLANG_WARN_INT_CONVERSION = YES;
				CLANG_WARN_NON_LITERAL_NULL_CONVERSION = YES;
				CLANG_WARN_OBJC_IMPLICIT_RETAIN_SELF = YES;
				CLANG_WARN_OBJC_LITERAL_CONVERSION = YES;
				CLANG_WARN_OBJC_ROOT_CLASS = YES_ERROR;
				CLANG_WARN_QUOTED_INCLUDE_IN_FRAMEWORK_HEADER = YES;
				CLANG_WARN_RANGE_LOOP_ANALYSIS = YES;
				CLANG_WARN_STRICT_PROTOTYPES = YES;
				CLANG_WARN_SUSPICIOUS_MOVE = YES;
				CLANG_WARN_UNGUARDED_AVAILABILITY = YES_AGGRESSIVE;
				CLANG_WARN_UNREACHABLE_CODE = YES;
				CLANG_WARN__DUPLICATE_METHOD_MATCH = YES;
				COPY_PHASE_STRIP = NO;
				DEBUG_INFORMATION_FORMAT = dwarf;
				ENABLE_STRICT_OBJC_MSGSEND = YES;
				ENABLE_TESTABILITY = YES;
				GCC_C_LANGUAGE_STANDARD = gnu11;
				GCC_DYNAMIC_NO_PIC = NO;
				GCC_NO_COMMON_BLOCKS = YES;
				GCC_OPTIMIZATION_LEVEL = 0;
				GCC_PREPROCESSOR_DEFINITIONS = (
					"DEBUG=1",
					"$(inherited)",
				);
				GCC_WARN_64_TO_32_BIT_CONVERSION = YES;
				GCC_WARN_ABOUT_RETURN_TYPE = YES_ERROR;
				GCC_WARN_UNDECLARED_SELECTOR = YES;
				GCC_WARN_UNINITIALIZED_AUTOS = YES_AGGRESSIVE;
				GCC_WARN_UNUSED_FUNCTION = YES;
				GCC_WARN_UNUSED_VARIABLE = YES;
				IPHONEOS_DEPLOYMENT_TARGET = 15.2;
				MTL_ENABLE_DEBUG_INFO = INCLUDE_SOURCE;
				MTL_FAST_MATH = YES;
				ONLY_ACTIVE_ARCH = YES;
				SDKROOT = iphoneos;
				SWIFT_ACTIVE_COMPILATION_CONDITIONS = DEBUG;
				SWIFT_OPTIMIZATION_LEVEL = "-Onone";
			};
			name = Debug;
		};
		E984DCB327D92353005A3B8C /* Release */ = {
			isa = XCBuildConfiguration;
			buildSettings = {
				ALWAYS_SEARCH_USER_PATHS = NO;
				CLANG_ANALYZER_NONNULL = YES;
				CLANG_ANALYZER_NUMBER_OBJECT_CONVERSION = YES_AGGRESSIVE;
				CLANG_CXX_LANGUAGE_STANDARD = "gnu++17";
				CLANG_CXX_LIBRARY = "libc++";
				CLANG_ENABLE_MODULES = YES;
				CLANG_ENABLE_OBJC_ARC = YES;
				CLANG_ENABLE_OBJC_WEAK = YES;
				CLANG_WARN_BLOCK_CAPTURE_AUTORELEASING = YES;
				CLANG_WARN_BOOL_CONVERSION = YES;
				CLANG_WARN_COMMA = YES;
				CLANG_WARN_CONSTANT_CONVERSION = YES;
				CLANG_WARN_DEPRECATED_OBJC_IMPLEMENTATIONS = YES;
				CLANG_WARN_DIRECT_OBJC_ISA_USAGE = YES_ERROR;
				CLANG_WARN_DOCUMENTATION_COMMENTS = YES;
				CLANG_WARN_EMPTY_BODY = YES;
				CLANG_WARN_ENUM_CONVERSION = YES;
				CLANG_WARN_INFINITE_RECURSION = YES;
				CLANG_WARN_INT_CONVERSION = YES;
				CLANG_WARN_NON_LITERAL_NULL_CONVERSION = YES;
				CLANG_WARN_OBJC_IMPLICIT_RETAIN_SELF = YES;
				CLANG_WARN_OBJC_LITERAL_CONVERSION = YES;
				CLANG_WARN_OBJC_ROOT_CLASS = YES_ERROR;
				CLANG_WARN_QUOTED_INCLUDE_IN_FRAMEWORK_HEADER = YES;
				CLANG_WARN_RANGE_LOOP_ANALYSIS = YES;
				CLANG_WARN_STRICT_PROTOTYPES = YES;
				CLANG_WARN_SUSPICIOUS_MOVE = YES;
				CLANG_WARN_UNGUARDED_AVAILABILITY = YES_AGGRESSIVE;
				CLANG_WARN_UNREACHABLE_CODE = YES;
				CLANG_WARN__DUPLICATE_METHOD_MATCH = YES;
				COPY_PHASE_STRIP = NO;
				DEBUG_INFORMATION_FORMAT = "dwarf-with-dsym";
				ENABLE_NS_ASSERTIONS = NO;
				ENABLE_STRICT_OBJC_MSGSEND = YES;
				GCC_C_LANGUAGE_STANDARD = gnu11;
				GCC_NO_COMMON_BLOCKS = YES;
				GCC_WARN_64_TO_32_BIT_CONVERSION = YES;
				GCC_WARN_ABOUT_RETURN_TYPE = YES_ERROR;
				GCC_WARN_UNDECLARED_SELECTOR = YES;
				GCC_WARN_UNINITIALIZED_AUTOS = YES_AGGRESSIVE;
				GCC_WARN_UNUSED_FUNCTION = YES;
				GCC_WARN_UNUSED_VARIABLE = YES;
				IPHONEOS_DEPLOYMENT_TARGET = 15.2;
				MTL_ENABLE_DEBUG_INFO = NO;
				MTL_FAST_MATH = YES;
				SDKROOT = iphoneos;
				SWIFT_COMPILATION_MODE = wholemodule;
				SWIFT_OPTIMIZATION_LEVEL = "-O";
				VALIDATE_PRODUCT = YES;
			};
			name = Release;
		};
		E984DCB527D92353005A3B8C /* Debug */ = {
			isa = XCBuildConfiguration;
			buildSettings = {
				ASSETCATALOG_COMPILER_APPICON_NAME = AppIcon;
				ASSETCATALOG_COMPILER_GLOBAL_ACCENT_COLOR_NAME = AccentColor;
				CODE_SIGN_STYLE = Automatic;
				CURRENT_PROJECT_VERSION = 1;
				DEVELOPMENT_TEAM = H9ZYR77D4Z;
				GENERATE_INFOPLIST_FILE = YES;
				INFOPLIST_FILE = BRRestaurant/Info.plist;
				INFOPLIST_KEY_UIApplicationSupportsIndirectInputEvents = YES;
				INFOPLIST_KEY_UILaunchStoryboardName = LaunchScreen;
				INFOPLIST_KEY_UIMainStoryboardFile = Main;
				INFOPLIST_KEY_UISupportedInterfaceOrientations_iPad = "UIInterfaceOrientationPortrait UIInterfaceOrientationPortraitUpsideDown UIInterfaceOrientationLandscapeLeft UIInterfaceOrientationLandscapeRight";
				INFOPLIST_KEY_UISupportedInterfaceOrientations_iPhone = "UIInterfaceOrientationPortrait UIInterfaceOrientationLandscapeLeft UIInterfaceOrientationLandscapeRight";
				LD_RUNPATH_SEARCH_PATHS = (
					"$(inherited)",
					"@executable_path/Frameworks",
				);
				MARKETING_VERSION = 1.0;
				PRODUCT_BUNDLE_IDENTIFIER = enhanceIT.BRRestaurant;
				PRODUCT_NAME = "$(TARGET_NAME)";
				SWIFT_EMIT_LOC_STRINGS = YES;
				SWIFT_VERSION = 5.0;
				TARGETED_DEVICE_FAMILY = "1,2";
			};
			name = Debug;
		};
		E984DCB627D92353005A3B8C /* Release */ = {
			isa = XCBuildConfiguration;
			buildSettings = {
				ASSETCATALOG_COMPILER_APPICON_NAME = AppIcon;
				ASSETCATALOG_COMPILER_GLOBAL_ACCENT_COLOR_NAME = AccentColor;
				CODE_SIGN_STYLE = Automatic;
				CURRENT_PROJECT_VERSION = 1;
				DEVELOPMENT_TEAM = H9ZYR77D4Z;
				GENERATE_INFOPLIST_FILE = YES;
				INFOPLIST_FILE = BRRestaurant/Info.plist;
				INFOPLIST_KEY_UIApplicationSupportsIndirectInputEvents = YES;
				INFOPLIST_KEY_UILaunchStoryboardName = LaunchScreen;
				INFOPLIST_KEY_UIMainStoryboardFile = Main;
				INFOPLIST_KEY_UISupportedInterfaceOrientations_iPad = "UIInterfaceOrientationPortrait UIInterfaceOrientationPortraitUpsideDown UIInterfaceOrientationLandscapeLeft UIInterfaceOrientationLandscapeRight";
				INFOPLIST_KEY_UISupportedInterfaceOrientations_iPhone = "UIInterfaceOrientationPortrait UIInterfaceOrientationLandscapeLeft UIInterfaceOrientationLandscapeRight";
				LD_RUNPATH_SEARCH_PATHS = (
					"$(inherited)",
					"@executable_path/Frameworks",
				);
				MARKETING_VERSION = 1.0;
				PRODUCT_BUNDLE_IDENTIFIER = enhanceIT.BRRestaurant;
				PRODUCT_NAME = "$(TARGET_NAME)";
				SWIFT_EMIT_LOC_STRINGS = YES;
				SWIFT_VERSION = 5.0;
				TARGETED_DEVICE_FAMILY = "1,2";
			};
			name = Release;
		};
/* End XCBuildConfiguration section */

/* Begin XCConfigurationList section */
		E984DC9B27D92351005A3B8C /* Build configuration list for PBXProject "BRRestaurant" */ = {
			isa = XCConfigurationList;
			buildConfigurations = (
				E984DCB227D92353005A3B8C /* Debug */,
				E984DCB327D92353005A3B8C /* Release */,
			);
			defaultConfigurationIsVisible = 0;
			defaultConfigurationName = Release;
		};
		E984DCB427D92353005A3B8C /* Build configuration list for PBXNativeTarget "BRRestaurant" */ = {
			isa = XCConfigurationList;
			buildConfigurations = (
				E984DCB527D92353005A3B8C /* Debug */,
				E984DCB627D92353005A3B8C /* Release */,
			);
			defaultConfigurationIsVisible = 0;
			defaultConfigurationName = Release;
		};
/* End XCConfigurationList section */
	};
	rootObject = E984DC9827D92351005A3B8C /* Project object */;
}
